
Microsoft Visual Studio Solution File, Format Version 12.00
Project("{2150E333-8FDC-42A3-9474-1A3956D46DE8}") = "src", "src", "{827E0CD3-B72D-47B6-A68D-7590B98EB39B}"
EndProject
Project("{FAE04EC0-301F-11D3-BF4B-00C04F79EFBC}") = "Project.Api", "src\Project.Api\Project.Api.csproj", "{8C370BDA-643E-46BE-AE6A-C17AC2A4A125}"
EndProject
Project("{FAE04EC0-301F-11D3-BF4B-00C04F79EFBC}") = "Project.Domain", "src\Project.Domain\Project.Domain.csproj", "{568C8B88-74FD-4409-8090-4EB1CB5CC214}"
EndProject
Project("{FAE04EC0-301F-11D3-BF4B-00C04F79EFBC}") = "Project.Application", "src\Project.Application\Project.Application.csproj", "{0EBA2B01-7AC1-4B57-85F8-DD067B54E527}"
EndProject
Project("{FAE04EC0-301F-11D3-BF4B-00C04F79EFBC}") = "Project.Infrastructure", "src\Project.Infrastructure\Project.Infrastructure.csproj", "{B54DC5A3-676F-4511-A3BA-B24275023BDC}"
EndProject
Project("{FAE04EC0-301F-11D3-BF4B-00C04F79EFBC}") = "Project.Compliance", "src\Project.Compliance\Project.Compliance.csproj", "{91A95123-92F2-4755-A678-4C6A08C962AF}"
EndProject
Project("{2150E333-8FDC-42A3-9474-1A3956D46DE8}") = "tests", "tests", "{0AB3BF05-4346-4AA6-1389-037BE0695223}"
EndProject
Project("{FAE04EC0-301F-11D3-BF4B-00C04F79EFBC}") = "Project.UnitTests", "tests\Project.UnitTests\Project.UnitTests.csproj", "{F4B9135F-13BD-40C1-B228-0E5A7684B7BF}"
EndProject
Project("{FAE04EC0-301F-11D3-BF4B-00C04F79EFBC}") = "Project.IntegrationTests", "tests\Project.IntegrationTests\Project.IntegrationTests.csproj", "{FA30A3B7-3246-451F-9AFF-6E06E49DE368}"
EndProject
Global
	GlobalSection(SolutionConfigurationPlatforms) = preSolution
		Debug|Any CPU = Debug|Any CPU
		Debug|x64 = Debug|x64
		Debug|x86 = Debug|x86
		Release|Any CPU = Release|Any CPU
		Release|x64 = Release|x64
		Release|x86 = Release|x86
	EndGlobalSection
	GlobalSection(ProjectConfigurationPlatforms) = postSolution
		{8C370BDA-643E-46BE-AE6A-C17AC2A4A125}.Debug|Any CPU.ActiveCfg = Debug|Any CPU
		{8C370BDA-643E-46BE-AE6A-C17AC2A4A125}.Debug|Any CPU.Build.0 = Debug|Any CPU
		{8C370BDA-643E-46BE-AE6A-C17AC2A4A125}.Debug|x64.ActiveCfg = Debug|Any CPU
		{8C370BDA-643E-46BE-AE6A-C17AC2A4A125}.Debug|x64.Build.0 = Debug|Any CPU
		{8C370BDA-643E-46BE-AE6A-C17AC2A4A125}.Debug|x86.ActiveCfg = Debug|Any CPU
		{8C370BDA-643E-46BE-AE6A-C17AC2A4A125}.Debug|x86.Build.0 = Debug|Any CPU
		{8C370BDA-643E-46BE-AE6A-C17AC2A4A125}.Release|Any CPU.ActiveCfg = Release|Any CPU
		{8C370BDA-643E-46BE-AE6A-C17AC2A4A125}.Release|Any CPU.Build.0 = Release|Any CPU
		{8C370BDA-643E-46BE-AE6A-C17AC2A4A125}.Release|x64.ActiveCfg = Release|Any CPU
		{8C370BDA-643E-46BE-AE6A-C17AC2A4A125}.Release|x64.Build.0 = Release|Any CPU
		{8C370BDA-643E-46BE-AE6A-C17AC2A4A125}.Release|x86.ActiveCfg = Release|Any CPU
		{8C370BDA-643E-46BE-AE6A-C17AC2A4A125}.Release|x86.Build.0 = Release|Any CPU
		{568C8B88-74FD-4409-8090-4EB1CB5CC214}.Debug|Any CPU.ActiveCfg = Debug|Any CPU
		{568C8B88-74FD-4409-8090-4EB1CB5CC214}.Debug|Any CPU.Build.0 = Debug|Any CPU
		{568C8B88-74FD-4409-8090-4EB1CB5CC214}.Debug|x64.ActiveCfg = Debug|Any CPU
		{568C8B88-74FD-4409-8090-4EB1CB5CC214}.Debug|x64.Build.0 = Debug|Any CPU
		{568C8B88-74FD-4409-8090-4EB1CB5CC214}.Debug|x86.ActiveCfg = Debug|Any CPU
		{568C8B88-74FD-4409-8090-4EB1CB5CC214}.Debug|x86.Build.0 = Debug|Any CPU
		{568C8B88-74FD-4409-8090-4EB1CB5CC214}.Release|Any CPU.ActiveCfg = Release|Any CPU
		{568C8B88-74FD-4409-8090-4EB1CB5CC214}.Release|Any CPU.Build.0 = Release|Any CPU
		{568C8B88-74FD-4409-8090-4EB1CB5CC214}.Release|x64.ActiveCfg = Release|Any CPU
		{568C8B88-74FD-4409-8090-4EB1CB5CC214}.Release|x64.Build.0 = Release|Any CPU
		{568C8B88-74FD-4409-8090-4EB1CB5CC214}.Release|x86.ActiveCfg = Release|Any CPU
		{568C8B88-74FD-4409-8090-4EB1CB5CC214}.Release|x86.Build.0 = Release|Any CPU
		{0EBA2B01-7AC1-4B57-85F8-DD067B54E527}.Debug|Any CPU.ActiveCfg = Debug|Any CPU
		{0EBA2B01-7AC1-4B57-85F8-DD067B54E527}.Debug|Any CPU.Build.0 = Debug|Any CPU
		{0EBA2B01-7AC1-4B57-85F8-DD067B54E527}.Debug|x64.ActiveCfg = Debug|Any CPU
		{0EBA2B01-7AC1-4B57-85F8-DD067B54E527}.Debug|x64.Build.0 = Debug|Any CPU
		{0EBA2B01-7AC1-4B57-85F8-DD067B54E527}.Debug|x86.ActiveCfg = Debug|Any CPU
		{0EBA2B01-7AC1-4B57-85F8-DD067B54E527}.Debug|x86.Build.0 = Debug|Any CPU
		{0EBA2B01-7AC1-4B57-85F8-DD067B54E527}.Release|Any CPU.ActiveCfg = Release|Any CPU
		{0EBA2B01-7AC1-4B57-85F8-DD067B54E527}.Release|Any CPU.Build.0 = Release|Any CPU
		{0EBA2B01-7AC1-4B57-85F8-DD067B54E527}.Release|x64.ActiveCfg = Release|Any CPU
		{0EBA2B01-7AC1-4B57-85F8-DD067B54E527}.Release|x64.Build.0 = Release|Any CPU
		{0EBA2B01-7AC1-4B57-85F8-DD067B54E527}.Release|x86.ActiveCfg = Release|Any CPU
		{0EBA2B01-7AC1-4B57-85F8-DD067B54E527}.Release|x86.Build.0 = Release|Any CPU
		{B54DC5A3-676F-4511-A3BA-B24275023BDC}.Debug|Any CPU.ActiveCfg = Debug|Any CPU
		{B54DC5A3-676F-4511-A3BA-B24275023BDC}.Debug|Any CPU.Build.0 = Debug|Any CPU
		{B54DC5A3-676F-4511-A3BA-B24275023BDC}.Debug|x64.ActiveCfg = Debug|Any CPU
		{B54DC5A3-676F-4511-A3BA-B24275023BDC}.Debug|x64.Build.0 = Debug|Any CPU
		{B54DC5A3-676F-4511-A3BA-B24275023BDC}.Debug|x86.ActiveCfg = Debug|Any CPU
		{B54DC5A3-676F-4511-A3BA-B24275023BDC}.Debug|x86.Build.0 = Debug|Any CPU
		{B54DC5A3-676F-4511-A3BA-B24275023BDC}.Release|Any CPU.ActiveCfg = Release|Any CPU
		{B54DC5A3-676F-4511-A3BA-B24275023BDC}.Release|Any CPU.Build.0 = Release|Any CPU
		{B54DC5A3-676F-4511-A3BA-B24275023BDC}.Release|x64.ActiveCfg = Release|Any CPU
		{B54DC5A3-676F-4511-A3BA-B24275023BDC}.Release|x64.Build.0 = Release|Any CPU
		{B54DC5A3-676F-4511-A3BA-B24275023BDC}.Release|x86.ActiveCfg = Release|Any CPU
		{B54DC5A3-676F-4511-A3BA-B24275023BDC}.Release|x86.Build.0 = Release|Any CPU
		{91A95123-92F2-4755-A678-4C6A08C962AF}.Debug|Any CPU.ActiveCfg = Debug|Any CPU
		{91A95123-92F2-4755-A678-4C6A08C962AF}.Debug|Any CPU.Build.0 = Debug|Any CPU
		{91A95123-92F2-4755-A678-4C6A08C962AF}.Debug|x64.ActiveCfg = Debug|Any CPU
		{91A95123-92F2-4755-A678-4C6A08C962AF}.Debug|x64.Build.0 = Debug|Any CPU
		{91A95123-92F2-4755-A678-4C6A08C962AF}.Debug|x86.ActiveCfg = Debug|Any CPU
		{91A95123-92F2-4755-A678-4C6A08C962AF}.Debug|x86.Build.0 = Debug|Any CPU
		{91A95123-92F2-4755-A678-4C6A08C962AF}.Release|Any CPU.ActiveCfg = Release|Any CPU
		{91A95123-92F2-4755-A678-4C6A08C962AF}.Release|Any CPU.Build.0 = Release|Any CPU
		{91A95123-92F2-4755-A678-4C6A08C962AF}.Release|x64.ActiveCfg = Release|Any CPU
		{91A95123-92F2-4755-A678-4C6A08C962AF}.Release|x64.Build.0 = Release|Any CPU
		{91A95123-92F2-4755-A678-4C6A08C962AF}.Release|x86.ActiveCfg = Release|Any CPU
		{91A95123-92F2-4755-A678-4C6A08C962AF}.Release|x86.Build.0 = Release|Any CPU
		{F4B9135F-13BD-40C1-B228-0E5A7684B7BF}.Debug|Any CPU.ActiveCfg = Debug|Any CPU
		{F4B9135F-13BD-40C1-B228-0E5A7684B7BF}.Debug|Any CPU.Build.0 = Debug|Any CPU
		{F4B9135F-13BD-40C1-B228-0E5A7684B7BF}.Debug|x64.ActiveCfg = Debug|Any CPU
		{F4B9135F-13BD-40C1-B228-0E5A7684B7BF}.Debug|x64.Build.0 = Debug|Any CPU
		{F4B9135F-13BD-40C1-B228-0E5A7684B7BF}.Debug|x86.ActiveCfg = Debug|Any CPU
		{F4B9135F-13BD-40C1-B228-0E5A7684B7BF}.Debug|x86.Build.0 = Debug|Any CPU
		{F4B9135F-13BD-40C1-B228-0E5A7684B7BF}.Release|Any CPU.ActiveCfg = Release|Any CPU
		{F4B9135F-13BD-40C1-B228-0E5A7684B7BF}.Release|Any CPU.Build.0 = Release|Any CPU
		{F4B9135F-13BD-40C1-B228-0E5A7684B7BF}.Release|x64.ActiveCfg = Release|Any CPU
		{F4B9135F-13BD-40C1-B228-0E5A7684B7BF}.Release|x64.Build.0 = Release|Any CPU
		{F4B9135F-13BD-40C1-B228-0E5A7684B7BF}.Release|x86.ActiveCfg = Release|Any CPU
		{F4B9135F-13BD-40C1-B228-0E5A7684B7BF}.Release|x86.Build.0 = Release|Any CPU
		{FA30A3B7-3246-451F-9AFF-6E06E49DE368}.Debug|Any CPU.ActiveCfg = Debug|Any CPU
		{FA30A3B7-3246-451F-9AFF-6E06E49DE368}.Debug|Any CPU.Build.0 = Debug|Any CPU
		{FA30A3B7-3246-451F-9AFF-6E06E49DE368}.Debug|x64.ActiveCfg = Debug|Any CPU
		{FA30A3B7-3246-451F-9AFF-6E06E49DE368}.Debug|x64.Build.0 = Debug|Any CPU
		{FA30A3B7-3246-451F-9AFF-6E06E49DE368}.Debug|x86.ActiveCfg = Debug|Any CPU
		{FA30A3B7-3246-451F-9AFF-6E06E49DE368}.Debug|x86.Build.0 = Debug|Any CPU
		{FA30A3B7-3246-451F-9AFF-6E06E49DE368}.Release|Any CPU.ActiveCfg = Release|Any CPU
		{FA30A3B7-3246-451F-9AFF-6E06E49DE368}.Release|Any CPU.Build.0 = Release|Any CPU
		{FA30A3B7-3246-451F-9AFF-6E06E49DE368}.Release|x64.ActiveCfg = Release|Any CPU
		{FA30A3B7-3246-451F-9AFF-6E06E49DE368}.Release|x64.Build.0 = Release|Any CPU
		{FA30A3B7-3246-451F-9AFF-6E06E49DE368}.Release|x86.ActiveCfg = Release|Any CPU
		{FA30A3B7-3246-451F-9AFF-6E06E49DE368}.Release|x86.Build.0 = Release|Any CPU
	EndGlobalSection
	GlobalSection(SolutionProperties) = preSolution
		HideSolutionNode = FALSE
	EndGlobalSection
	GlobalSection(NestedProjects) = preSolution
		{8C370BDA-643E-46BE-AE6A-C17AC2A4A125} = {827E0CD3-B72D-47B6-A68D-7590B98EB39B}
		{568C8B88-74FD-4409-8090-4EB1CB5CC214} = {827E0CD3-B72D-47B6-A68D-7590B98EB39B}
		{0EBA2B01-7AC1-4B57-85F8-DD067B54E527} = {827E0CD3-B72D-47B6-A68D-7590B98EB39B}
		{B54DC5A3-676F-4511-A3BA-B24275023BDC} = {827E0CD3-B72D-47B6-A68D-7590B98EB39B}
		{91A95123-92F2-4755-A678-4C6A08C962AF} = {827E0CD3-B72D-47B6-A68D-7590B98EB39B}
		{F4B9135F-13BD-40C1-B228-0E5A7684B7BF} = {0AB3BF05-4346-4AA6-1389-037BE0695223}
		{FA30A3B7-3246-451F-9AFF-6E06E49DE368} = {0AB3BF05-4346-4AA6-1389-037BE0695223}
	EndGlobalSection
EndGlobal
